version = 1
revision = 3
requires-python = ">=3.11"

[[package]]
name = "cached-property"
version = "1.5.2"
source = { registry = "https://pypi.org/simple" }
sdist = { url = "https://files.pythonhosted.org/packages/61/2c/d21c1c23c2895c091fa7a91a54b6872098fea913526932d21902088a7c41/cached-property-1.5.2.tar.gz", hash = "sha256:9fa5755838eecbb2d234c3aa390bd80fbd3ac6b6869109bfc1b499f7bd89a130", size = 12244, upload-time = "2020-09-21T18:39:27.069Z" }
wheels = [
    { url = "https://files.pythonhosted.org/packages/48/19/f2090f7dad41e225c7f2326e4cfe6fff49e57dedb5b53636c9551f86b069/cached_property-1.5.2-py2.py3-none-any.whl", hash = "sha256:df4f613cf7ad9a588cc381aaf4a512d26265ecebd5eb9e1ba12f1319eb85a6a0", size = 7573, upload-time = "2020-09-21T18:39:25.338Z" },
]

[[package]]
name = "classproperties"
version = "0.2.0"
source = { registry = "https://pypi.org/simple" }
sdist = { url = "https://files.pythonhosted.org/packages/ee/cf/a540ef6bbf6df3192dcb6549a8c84034f5937c5393cefce49f7dec29fead/classproperties-0.2.0.tar.gz", hash = "sha256:a77e96a666898ecd697dd7f331d9ab1e38383c1edef809d953bb5f8a3ea67c2a", size = 2631, upload-time = "2019-01-24T23:07:00.049Z" }

[[package]]
name = "datafiles"
version = "2.3.4"
source = { registry = "https://pypi.org/simple" }
dependencies = [
    { name = "cached-property" },
    { name = "classproperties" },
    { name = "json-five" },
    { name = "minilog" },
    { name = "parse" },
    { name = "ruamel-yaml" },
    { name = "tomlkit" },
]
sdist = { url = "https://files.pythonhosted.org/packages/82/8a/2e38dc8b250a0a2422902a7266cf9999e1d16aa6446eccf0085380e7ae11/datafiles-2.3.4.tar.gz", hash = "sha256:706aa9be52c3c206e15d47ca4f9468449a3c511f13d3d9df57b051dd3e7a1d80", size = 23850, upload-time = "2025-09-12T18:12:45.405Z" }
wheels = [
    { url = "https://files.pythonhosted.org/packages/76/67/5742cb99e782c7a3a7df49923527e8913b4c0d8999e6fda4f4040de61ff5/datafiles-2.3.4-py3-none-any.whl", hash = "sha256:7270ce61bc6df2e1c32ef30a177744ab941873f6fe57967c2fd14c156af23f50", size = 32488, upload-time = "2025-09-12T18:12:44.389Z" },
]

[[package]]
name = "gitman"
version = "3.6"
source = { registry = "https://pypi.org/simple" }
dependencies = [
    { name = "datafiles" },
    { name = "minilog" },
    { name = "universal-startfile" },
]
sdist = { url = "https://files.pythonhosted.org/packages/e0/9b/b083b7d9e0c10b513d131e01812c11d1d36355b19bb84bd5c17a4eeb06fb/gitman-3.6.tar.gz", hash = "sha256:ad59a80773f92e0cf669d27a7ccfcaea5aaee4f690c1292a43b51aeb677475e3", size = 31162, upload-time = "2025-09-07T15:36:18.25Z" }
wheels = [
    { url = "https://files.pythonhosted.org/packages/92/15/424cfe25c233e9e9a8129010774a29c8b5e8e74489c1e21db907a08b39cd/gitman-3.6-py3-none-any.whl", hash = "sha256:17db73591b0598d987750ee3da92e6358871263358c74170632a3123bbf46534", size = 40492, upload-time = "2025-09-07T15:36:17.067Z" },
]

[[package]]
name = "json-five"
version = "1.1.2"
source = { registry = "https://pypi.org/simple" }
dependencies = [
    { name = "regex" },
    { name = "sly" },
]
sdist = { url = "https://files.pythonhosted.org/packages/1a/b1/3f9e2feb61fc7d78fa6cf584477416e75ea9c9b4796a62ace787539c9a04/json_five-1.1.2.tar.gz", hash = "sha256:1c5b1bae6039bc44632d009b32338d4b59ab765c596d96577b52cc3dadc936e2", size = 26785, upload-time = "2024-06-11T21:55:32.074Z" }
wheels = [
    { url = "https://files.pythonhosted.org/packages/0f/6a/5f871b895705576faeb1992f0fb574759237ae4e92b905c3d806d84ceea9/json_five-1.1.2-py3-none-any.whl", hash = "sha256:b10608e6af9730b9e1c1a099e71f86acb905991f830957a6b25f53bd4826fe8f", size = 21444, upload-time = "2024-06-11T21:55:30.537Z" },
]

[[package]]
name = "minilog"
version = "2.3.1"
source = { registry = "https://pypi.org/simple" }
sdist = { url = "https://files.pythonhosted.org/packages/e3/c9/6d4dc9bcd4b97ed89f482eeec0e6bb025942744689215dc2a4ed50415ea4/minilog-2.3.1.tar.gz", hash = "sha256:4b602572c3bcdd2d8f00d879f635c0de9e632d5d0307e131c91074be8acf444e", size = 7364, upload-time = "2024-08-24T14:29:31.239Z" }
wheels = [
    { url = "https://files.pythonhosted.org/packages/bc/33/731b5be35c83268725451d25eeac78fa0625e9d0c8f115ad3b1e5173737f/minilog-2.3.1-py3-none-any.whl", hash = "sha256:1a679fefe6140ce1d59c3246adc991f9eb480169e5a6c54d2be9023ee459dc30", size = 8960, upload-time = "2024-08-24T14:29:29.975Z" },
]

[[package]]
name = "openarm-playground"
version = "0.1.0"
source = { virtual = "." }
dependencies = [
    { name = "gitman" },
]

[package.metadata]
requires-dist = [{ name = "gitman", specifier = ">=3.6" }]

[[package]]
name = "parse"
version = "1.20.2"
source = { registry = "https://pypi.org/simple" }
sdist = { url = "https://files.pythonhosted.org/packages/4f/78/d9b09ba24bb36ef8b83b71be547e118d46214735b6dfb39e4bfde0e9b9dd/parse-1.20.2.tar.gz", hash = "sha256:b41d604d16503c79d81af5165155c0b20f6c8d6c559efa66b4b695c3e5a0a0ce", size = 29391, upload-time = "2024-06-11T04:41:57.34Z" }
wheels = [
    { url = "https://files.pythonhosted.org/packages/d0/31/ba45bf0b2aa7898d81cbbfac0e88c267befb59ad91a19e36e1bc5578ddb1/parse-1.20.2-py2.py3-none-any.whl", hash = "sha256:967095588cb802add9177d0c0b6133b5ba33b1ea9007ca800e526f42a85af558", size = 20126, upload-time = "2024-06-11T04:41:55.057Z" },
]

[[package]]
name = "regex"
version = "2025.9.18"
source = { registry = "https://pypi.org/simple" }
sdist = { url = "https://files.pythonhosted.org/packages/49/d3/eaa0d28aba6ad1827ad1e716d9a93e1ba963ada61887498297d3da715133/regex-2025.9.18.tar.gz", hash = "sha256:c5ba23274c61c6fef447ba6a39333297d0c247f53059dba0bca415cac511edc4", size = 400917, upload-time = "2025-09-19T00:38:35.79Z" }
wheels = [
    { url = "https://files.pythonhosted.org/packages/58/61/80eda662fc4eb32bfedc331f42390974c9e89c7eac1b79cd9eea4d7c458c/regex-2025.9.18-cp311-cp311-macosx_10_9_universal2.whl", hash = "sha256:51076980cd08cd13c88eb7365427ae27f0d94e7cebe9ceb2bb9ffdae8fc4d82a", size = 484832, upload-time = "2025-09-19T00:35:30.011Z" },
    { url = "https://files.pythonhosted.org/packages/a6/d9/33833d9abddf3f07ad48504ddb53fe3b22f353214bbb878a72eee1e3ddbf/regex-2025.9.18-cp311-cp311-macosx_10_9_x86_64.whl", hash = "sha256:828446870bd7dee4e0cbeed767f07961aa07f0ea3129f38b3ccecebc9742e0b8", size = 288994, upload-time = "2025-09-19T00:35:31.733Z" },
    { url = "https://files.pythonhosted.org/packages/2a/b3/526ee96b0d70ea81980cbc20c3496fa582f775a52e001e2743cc33b2fa75/regex-2025.9.18-cp311-cp311-macosx_11_0_arm64.whl", hash = "sha256:c28821d5637866479ec4cc23b8c990f5bc6dd24e5e4384ba4a11d38a526e1414", size = 286619, upload-time = "2025-09-19T00:35:33.221Z" },
    { url = "https://files.pythonhosted.org/packages/65/4f/c2c096b02a351b33442aed5895cdd8bf87d372498d2100927c5a053d7ba3/regex-2025.9.18-cp311-cp311-manylinux2014_aarch64.manylinux_2_17_aarch64.manylinux_2_28_aarch64.whl", hash = "sha256:726177ade8e481db669e76bf99de0b278783be8acd11cef71165327abd1f170a", size = 792454, upload-time = "2025-09-19T00:35:35.361Z" },
    { url = "https://files.pythonhosted.org/packages/24/15/b562c9d6e47c403c4b5deb744f8b4bf6e40684cf866c7b077960a925bdff/regex-2025.9.18-cp311-cp311-manylinux2014_ppc64le.manylinux_2_17_ppc64le.manylinux_2_28_ppc64le.whl", hash = "sha256:f5cca697da89b9f8ea44115ce3130f6c54c22f541943ac8e9900461edc2b8bd4", size = 858723, upload-time = "2025-09-19T00:35:36.949Z" },
    { url = "https://files.pythonhosted.org/packages/f2/01/dba305409849e85b8a1a681eac4c03ed327d8de37895ddf9dc137f59c140/regex-2025.9.18-cp311-cp311-manylinux2014_s390x.manylinux_2_17_s390x.manylinux_2_28_s390x.whl", hash = "sha256:dfbde38f38004703c35666a1e1c088b778e35d55348da2b7b278914491698d6a", size = 905899, upload-time = "2025-09-19T00:35:38.723Z" },
    { url = "https://files.pythonhosted.org/packages/fe/d0/c51d1e6a80eab11ef96a4cbad17fc0310cf68994fb01a7283276b7e5bbd6/regex-2025.9.18-cp311-cp311-manylinux2014_x86_64.manylinux_2_17_x86_64.manylinux_2_28_x86_64.whl", hash = "sha256:f2f422214a03fab16bfa495cfec72bee4aaa5731843b771860a471282f1bf74f", size = 798981, upload-time = "2025-09-19T00:35:40.416Z" },
    { url = "https://files.pythonhosted.org/packages/c4/5e/72db90970887bbe02296612bd61b0fa31e6d88aa24f6a4853db3e96c575e/regex-2025.9.18-cp311-cp311-musllinux_1_2_aarch64.whl", hash = "sha256:a295916890f4df0902e4286bc7223ee7f9e925daa6dcdec4192364255b70561a", size = 781900, upload-time = "2025-09-19T00:35:42.077Z" },
    { url = "https://files.pythonhosted.org/packages/50/ff/596be45eea8e9bc31677fde243fa2904d00aad1b32c31bce26c3dbba0b9e/regex-2025.9.18-cp311-cp311-musllinux_1_2_ppc64le.whl", hash = "sha256:5db95ff632dbabc8c38c4e82bf545ab78d902e81160e6e455598014f0abe66b9", size = 852952, upload-time = "2025-09-19T00:35:43.751Z" },
    { url = "https://files.pythonhosted.org/packages/e5/1b/2dfa348fa551e900ed3f5f63f74185b6a08e8a76bc62bc9c106f4f92668b/regex-2025.9.18-cp311-cp311-musllinux_1_2_s390x.whl", hash = "sha256:fb967eb441b0f15ae610b7069bdb760b929f267efbf522e814bbbfffdf125ce2", size = 844355, upload-time = "2025-09-19T00:35:45.309Z" },
    { url = "https://files.pythonhosted.org/packages/f4/bf/aefb1def27fe33b8cbbb19c75c13aefccfbef1c6686f8e7f7095705969c7/regex-2025.9.18-cp311-cp311-musllinux_1_2_x86_64.whl", hash = "sha256:f04d2f20da4053d96c08f7fde6e1419b7ec9dbcee89c96e3d731fca77f411b95", size = 787254, upload-time = "2025-09-19T00:35:46.904Z" },
    { url = "https://files.pythonhosted.org/packages/e3/4e/8ef042e7cf0dbbb401e784e896acfc1b367b95dfbfc9ada94c2ed55a081f/regex-2025.9.18-cp311-cp311-win32.whl", hash = "sha256:895197241fccf18c0cea7550c80e75f185b8bd55b6924fcae269a1a92c614a07", size = 264129, upload-time = "2025-09-19T00:35:48.597Z" },
    { url = "https://files.pythonhosted.org/packages/b4/7d/c4fcabf80dcdd6821c0578ad9b451f8640b9110fb3dcb74793dd077069ff/regex-2025.9.18-cp311-cp311-win_amd64.whl", hash = "sha256:7e2b414deae99166e22c005e154a5513ac31493db178d8aec92b3269c9cce8c9", size = 276160, upload-time = "2025-09-19T00:36:00.45Z" },
    { url = "https://files.pythonhosted.org/packages/64/f8/0e13c8ae4d6df9d128afaba138342d532283d53a4c1e7a8c93d6756c8f4a/regex-2025.9.18-cp311-cp311-win_arm64.whl", hash = "sha256:fb137ec7c5c54f34a25ff9b31f6b7b0c2757be80176435bf367111e3f71d72df", size = 268471, upload-time = "2025-09-19T00:36:02.149Z" },
    { url = "https://files.pythonhosted.org/packages/b0/99/05859d87a66ae7098222d65748f11ef7f2dff51bfd7482a4e2256c90d72b/regex-2025.9.18-cp312-cp312-macosx_10_13_universal2.whl", hash = "sha256:436e1b31d7efd4dcd52091d076482031c611dde58bf9c46ca6d0a26e33053a7e", size = 486335, upload-time = "2025-09-19T00:36:03.661Z" },
    { url = "https://files.pythonhosted.org/packages/97/7e/d43d4e8b978890932cf7b0957fce58c5b08c66f32698f695b0c2c24a48bf/regex-2025.9.18-cp312-cp312-macosx_10_13_x86_64.whl", hash = "sha256:c190af81e5576b9c5fdc708f781a52ff20f8b96386c6e2e0557a78402b029f4a", size = 289720, upload-time = "2025-09-19T00:36:05.471Z" },
    { url = "https://files.pythonhosted.org/packages/bb/3b/ff80886089eb5dcf7e0d2040d9aaed539e25a94300403814bb24cc775058/regex-2025.9.18-cp312-cp312-macosx_11_0_arm64.whl", hash = "sha256:e4121f1ce2b2b5eec4b397cc1b277686e577e658d8f5870b7eb2d726bd2300ab", size = 287257, upload-time = "2025-09-19T00:36:07.072Z" },
    { url = "https://files.pythonhosted.org/packages/ee/66/243edf49dd8720cba8d5245dd4d6adcb03a1defab7238598c0c97cf549b8/regex-2025.9.18-cp312-cp312-manylinux2014_aarch64.manylinux_2_17_aarch64.manylinux_2_28_aarch64.whl", hash = "sha256:300e25dbbf8299d87205e821a201057f2ef9aa3deb29caa01cd2cac669e508d5", size = 797463, upload-time = "2025-09-19T00:36:08.399Z" },
    { url = "https://files.pythonhosted.org/packages/df/71/c9d25a1142c70432e68bb03211d4a82299cd1c1fbc41db9409a394374ef5/regex-2025.9.18-cp312-cp312-manylinux2014_ppc64le.manylinux_2_17_ppc64le.manylinux_2_28_ppc64le.whl", hash = "sha256:7b47fcf9f5316c0bdaf449e879407e1b9937a23c3b369135ca94ebc8d74b1742", size = 862670, upload-time = "2025-09-19T00:36:10.101Z" },
    { url = "https://files.pythonhosted.org/packages/f8/8f/329b1efc3a64375a294e3a92d43372bf1a351aa418e83c21f2f01cf6ec41/regex-2025.9.18-cp312-cp312-manylinux2014_s390x.manylinux_2_17_s390x.manylinux_2_28_s390x.whl", hash = "sha256:57a161bd3acaa4b513220b49949b07e252165e6b6dc910ee7617a37ff4f5b425", size = 910881, upload-time = "2025-09-19T00:36:12.223Z" },
    { url = "https://files.pythonhosted.org/packages/35/9e/a91b50332a9750519320ed30ec378b74c996f6befe282cfa6bb6cea7e9fd/regex-2025.9.18-cp312-cp312-manylinux2014_x86_64.manylinux_2_17_x86_64.manylinux_2_28_x86_64.whl", hash = "sha256:4f130c3a7845ba42de42f380fff3c8aebe89a810747d91bcf56d40a069f15352", size = 802011, upload-time = "2025-09-19T00:36:13.901Z" },
    { url = "https://files.pythonhosted.org/packages/a4/1d/6be3b8d7856b6e0d7ee7f942f437d0a76e0d5622983abbb6d21e21ab9a17/regex-2025.9.18-cp312-cp312-musllinux_1_2_aarch64.whl", hash = "sha256:5f96fa342b6f54dcba928dd452e8d8cb9f0d63e711d1721cd765bb9f73bb048d", size = 786668, upload-time = "2025-09-19T00:36:15.391Z" },
    { url = "https://files.pythonhosted.org/packages/cb/ce/4a60e53df58bd157c5156a1736d3636f9910bdcc271d067b32b7fcd0c3a8/regex-2025.9.18-cp312-cp312-musllinux_1_2_ppc64le.whl", hash = "sha256:0f0d676522d68c207828dcd01fb6f214f63f238c283d9f01d85fc664c7c85b56", size = 856578, upload-time = "2025-09-19T00:36:16.845Z" },
    { url = "https://files.pythonhosted.org/packages/86/e8/162c91bfe7217253afccde112868afb239f94703de6580fb235058d506a6/regex-2025.9.18-cp312-cp312-musllinux_1_2_s390x.whl", hash = "sha256:40532bff8a1a0621e7903ae57fce88feb2e8a9a9116d341701302c9302aef06e", size = 849017, upload-time = "2025-09-19T00:36:18.597Z" },
    { url = "https://files.pythonhosted.org/packages/35/34/42b165bc45289646ea0959a1bc7531733e90b47c56a72067adfe6b3251f6/regex-2025.9.18-cp312-cp312-musllinux_1_2_x86_64.whl", hash = "sha256:039f11b618ce8d71a1c364fdee37da1012f5a3e79b1b2819a9f389cd82fd6282", size = 788150, upload-time = "2025-09-19T00:36:20.464Z" },
    { url = "https://files.pythonhosted.org/packages/79/5d/cdd13b1f3c53afa7191593a7ad2ee24092a5a46417725ffff7f64be8342d/regex-2025.9.18-cp312-cp312-win32.whl", hash = "sha256:e1dd06f981eb226edf87c55d523131ade7285137fbde837c34dc9d1bf309f459", size = 264536, upload-time = "2025-09-19T00:36:21.922Z" },
    { url = "https://files.pythonhosted.org/packages/e0/f5/4a7770c9a522e7d2dc1fa3ffc83ab2ab33b0b22b447e62cffef186805302/regex-2025.9.18-cp312-cp312-win_amd64.whl", hash = "sha256:3d86b5247bf25fa3715e385aa9ff272c307e0636ce0c9595f64568b41f0a9c77", size = 275501, upload-time = "2025-09-19T00:36:23.4Z" },
    { url = "https://files.pythonhosted.org/packages/df/05/9ce3e110e70d225ecbed455b966003a3afda5e58e8aec2964042363a18f4/regex-2025.9.18-cp312-cp312-win_arm64.whl", hash = "sha256:032720248cbeeae6444c269b78cb15664458b7bb9ed02401d3da59fe4d68c3a5", size = 268601, upload-time = "2025-09-19T00:36:25.092Z" },
    { url = "https://files.pythonhosted.org/packages/d2/c7/5c48206a60ce33711cf7dcaeaed10dd737733a3569dc7e1dce324dd48f30/regex-2025.9.18-cp313-cp313-macosx_10_13_universal2.whl", hash = "sha256:2a40f929cd907c7e8ac7566ac76225a77701a6221bca937bdb70d56cb61f57b2", size = 485955, upload-time = "2025-09-19T00:36:26.822Z" },
    { url = "https://files.pythonhosted.org/packages/e9/be/74fc6bb19a3c491ec1ace943e622b5a8539068771e8705e469b2da2306a7/regex-2025.9.18-cp313-cp313-macosx_10_13_x86_64.whl", hash = "sha256:c90471671c2cdf914e58b6af62420ea9ecd06d1554d7474d50133ff26ae88feb", size = 289583, upload-time = "2025-09-19T00:36:28.577Z" },
    { url = "https://files.pythonhosted.org/packages/25/c4/9ceaa433cb5dc515765560f22a19578b95b92ff12526e5a259321c4fc1a0/regex-2025.9.18-cp313-cp313-macosx_11_0_arm64.whl", hash = "sha256:1a351aff9e07a2dabb5022ead6380cff17a4f10e4feb15f9100ee56c4d6d06af", size = 287000, upload-time = "2025-09-19T00:36:30.161Z" },
    { url = "https://files.pythonhosted.org/packages/7d/e6/68bc9393cb4dc68018456568c048ac035854b042bc7c33cb9b99b0680afa/regex-2025.9.18-cp313-cp313-manylinux2014_aarch64.manylinux_2_17_aarch64.manylinux_2_28_aarch64.whl", hash = "sha256:bc4b8e9d16e20ddfe16430c23468a8707ccad3365b06d4536142e71823f3ca29", size = 797535, upload-time = "2025-09-19T00:36:31.876Z" },
    { url = "https://files.pythonhosted.org/packages/6a/1c/ebae9032d34b78ecfe9bd4b5e6575b55351dc8513485bb92326613732b8c/regex-2025.9.18-cp313-cp313-manylinux2014_ppc64le.manylinux_2_17_ppc64le.manylinux_2_28_ppc64le.whl", hash = "sha256:4b8cdbddf2db1c5e80338ba2daa3cfa3dec73a46fff2a7dda087c8efbf12d62f", size = 862603, upload-time = "2025-09-19T00:36:33.344Z" },
    { url = "https://files.pythonhosted.org/packages/3b/74/12332c54b3882557a4bcd2b99f8be581f5c6a43cf1660a85b460dd8ff468/regex-2025.9.18-cp313-cp313-manylinux2014_s390x.manylinux_2_17_s390x.manylinux_2_28_s390x.whl", hash = "sha256:a276937d9d75085b2c91fb48244349c6954f05ee97bba0963ce24a9d915b8b68", size = 910829, upload-time = "2025-09-19T00:36:34.826Z" },
    { url = "https://files.pythonhosted.org/packages/86/70/ba42d5ed606ee275f2465bfc0e2208755b06cdabd0f4c7c4b614d51b57ab/regex-2025.9.18-cp313-cp313-manylinux2014_x86_64.manylinux_2_17_x86_64.manylinux_2_28_x86_64.whl", hash = "sha256:92a8e375ccdc1256401c90e9dc02b8642894443d549ff5e25e36d7cf8a80c783", size = 802059, upload-time = "2025-09-19T00:36:36.664Z" },
    { url = "https://files.pythonhosted.org/packages/da/c5/fcb017e56396a7f2f8357412638d7e2963440b131a3ca549be25774b3641/regex-2025.9.18-cp313-cp313-musllinux_1_2_aarch64.whl", hash = "sha256:0dc6893b1f502d73037cf807a321cdc9be29ef3d6219f7970f842475873712ac", size = 786781, upload-time = "2025-09-19T00:36:38.168Z" },
    { url = "https://files.pythonhosted.org/packages/c6/ee/21c4278b973f630adfb3bcb23d09d83625f3ab1ca6e40ebdffe69901c7a1/regex-2025.9.18-cp313-cp313-musllinux_1_2_ppc64le.whl", hash = "sha256:a61e85bfc63d232ac14b015af1261f826260c8deb19401c0597dbb87a864361e", size = 856578, upload-time = "2025-09-19T00:36:40.129Z" },
    { url = "https://files.pythonhosted.org/packages/87/0b/de51550dc7274324435c8f1539373ac63019b0525ad720132866fff4a16a/regex-2025.9.18-cp313-cp313-musllinux_1_2_s390x.whl", hash = "sha256:1ef86a9ebc53f379d921fb9a7e42b92059ad3ee800fcd9e0fe6181090e9f6c23", size = 849119, upload-time = "2025-09-19T00:36:41.651Z" },
    { url = "https://files.pythonhosted.org/packages/60/52/383d3044fc5154d9ffe4321696ee5b2ee4833a28c29b137c22c33f41885b/regex-2025.9.18-cp313-cp313-musllinux_1_2_x86_64.whl", hash = "sha256:d3bc882119764ba3a119fbf2bd4f1b47bc56c1da5d42df4ed54ae1e8e66fdf8f", size = 788219, upload-time = "2025-09-19T00:36:43.575Z" },
    { url = "https://files.pythonhosted.org/packages/20/bd/2614fc302671b7359972ea212f0e3a92df4414aaeacab054a8ce80a86073/regex-2025.9.18-cp313-cp313-win32.whl", hash = "sha256:3810a65675845c3bdfa58c3c7d88624356dd6ee2fc186628295e0969005f928d", size = 264517, upload-time = "2025-09-19T00:36:45.503Z" },
    { url = "https://files.pythonhosted.org/packages/07/0f/ab5c1581e6563a7bffdc1974fb2d25f05689b88e2d416525271f232b1946/regex-2025.9.18-cp313-cp313-win_amd64.whl", hash = "sha256:16eaf74b3c4180ede88f620f299e474913ab6924d5c4b89b3833bc2345d83b3d", size = 275481, upload-time = "2025-09-19T00:36:46.965Z" },
    { url = "https://files.pythonhosted.org/packages/49/22/ee47672bc7958f8c5667a587c2600a4fba8b6bab6e86bd6d3e2b5f7cac42/regex-2025.9.18-cp313-cp313-win_arm64.whl", hash = "sha256:4dc98ba7dd66bd1261927a9f49bd5ee2bcb3660f7962f1ec02617280fc00f5eb", size = 268598, upload-time = "2025-09-19T00:36:48.314Z" },
    { url = "https://files.pythonhosted.org/packages/e8/83/6887e16a187c6226cb85d8301e47d3b73ecc4505a3a13d8da2096b44fd76/regex-2025.9.18-cp313-cp313t-macosx_10_13_universal2.whl", hash = "sha256:fe5d50572bc885a0a799410a717c42b1a6b50e2f45872e2b40f4f288f9bce8a2", size = 489765, upload-time = "2025-09-19T00:36:49.996Z" },
    { url = "https://files.pythonhosted.org/packages/51/c5/e2f7325301ea2916ff301c8d963ba66b1b2c1b06694191df80a9c4fea5d0/regex-2025.9.18-cp313-cp313t-macosx_10_13_x86_64.whl", hash = "sha256:1b9d9a2d6cda6621551ca8cf7a06f103adf72831153f3c0d982386110870c4d3", size = 291228, upload-time = "2025-09-19T00:36:51.654Z" },
    { url = "https://files.pythonhosted.org/packages/91/60/7d229d2bc6961289e864a3a3cfebf7d0d250e2e65323a8952cbb7e22d824/regex-2025.9.18-cp313-cp313t-macosx_11_0_arm64.whl", hash = "sha256:13202e4c4ac0ef9a317fff817674b293c8f7e8c68d3190377d8d8b749f566e12", size = 289270, upload-time = "2025-09-19T00:36:53.118Z" },
    { url = "https://files.pythonhosted.org/packages/3c/d7/b4f06868ee2958ff6430df89857fbf3d43014bbf35538b6ec96c2704e15d/regex-2025.9.18-cp313-cp313t-manylinux2014_aarch64.manylinux_2_17_aarch64.manylinux_2_28_aarch64.whl", hash = "sha256:874ff523b0fecffb090f80ae53dc93538f8db954c8bb5505f05b7787ab3402a0", size = 806326, upload-time = "2025-09-19T00:36:54.631Z" },
    { url = "https://files.pythonhosted.org/packages/d6/e4/bca99034a8f1b9b62ccf337402a8e5b959dd5ba0e5e5b2ead70273df3277/regex-2025.9.18-cp313-cp313t-manylinux2014_ppc64le.manylinux_2_17_ppc64le.manylinux_2_28_ppc64le.whl", hash = "sha256:d13ab0490128f2bb45d596f754148cd750411afc97e813e4b3a61cf278a23bb6", size = 871556, upload-time = "2025-09-19T00:36:56.208Z" },
    { url = "https://files.pythonhosted.org/packages/6d/df/e06ffaf078a162f6dd6b101a5ea9b44696dca860a48136b3ae4a9caf25e2/regex-2025.9.18-cp313-cp313t-manylinux2014_s390x.manylinux_2_17_s390x.manylinux_2_28_s390x.whl", hash = "sha256:05440bc172bc4b4b37fb9667e796597419404dbba62e171e1f826d7d2a9ebcef", size = 913817, upload-time = "2025-09-19T00:36:57.807Z" },
    { url = "https://files.pythonhosted.org/packages/9e/05/25b05480b63292fd8e84800b1648e160ca778127b8d2367a0a258fa2e225/regex-2025.9.18-cp313-cp313t-manylinux2014_x86_64.manylinux_2_17_x86_64.manylinux_2_28_x86_64.whl", hash = "sha256:5514b8e4031fdfaa3d27e92c75719cbe7f379e28cacd939807289bce76d0e35a", size = 811055, upload-time = "2025-09-19T00:36:59.762Z" },
    { url = "https://files.pythonhosted.org/packages/70/97/7bc7574655eb651ba3a916ed4b1be6798ae97af30104f655d8efd0cab24b/regex-2025.9.18-cp313-cp313t-musllinux_1_2_aarch64.whl", hash = "sha256:65d3c38c39efce73e0d9dc019697b39903ba25b1ad45ebbd730d2cf32741f40d", size = 794534, upload-time = "2025-09-19T00:37:01.405Z" },
    { url = "https://files.pythonhosted.org/packages/b4/c2/d5da49166a52dda879855ecdba0117f073583db2b39bb47ce9a3378a8e9e/regex-2025.9.18-cp313-cp313t-musllinux_1_2_ppc64le.whl", hash = "sha256:ae77e447ebc144d5a26d50055c6ddba1d6ad4a865a560ec7200b8b06bc529368", size = 866684, upload-time = "2025-09-19T00:37:03.441Z" },
    { url = "https://files.pythonhosted.org/packages/bd/2d/0a5c4e6ec417de56b89ff4418ecc72f7e3feca806824c75ad0bbdae0516b/regex-2025.9.18-cp313-cp313t-musllinux_1_2_s390x.whl", hash = "sha256:e3ef8cf53dc8df49d7e28a356cf824e3623764e9833348b655cfed4524ab8a90", size = 853282, upload-time = "2025-09-19T00:37:04.985Z" },
    { url = "https://files.pythonhosted.org/packages/f4/8e/d656af63e31a86572ec829665d6fa06eae7e144771e0330650a8bb865635/regex-2025.9.18-cp313-cp313t-musllinux_1_2_x86_64.whl", hash = "sha256:9feb29817df349c976da9a0debf775c5c33fc1c8ad7b9f025825da99374770b7", size = 797830, upload-time = "2025-09-19T00:37:06.697Z" },
    { url = "https://files.pythonhosted.org/packages/db/ce/06edc89df8f7b83ffd321b6071be4c54dc7332c0f77860edc40ce57d757b/regex-2025.9.18-cp313-cp313t-win32.whl", hash = "sha256:168be0d2f9b9d13076940b1ed774f98595b4e3c7fc54584bba81b3cc4181742e", size = 267281, upload-time = "2025-09-19T00:37:08.568Z" },
    { url = "https://files.pythonhosted.org/packages/83/9a/2b5d9c8b307a451fd17068719d971d3634ca29864b89ed5c18e499446d4a/regex-2025.9.18-cp313-cp313t-win_amd64.whl", hash = "sha256:d59ecf3bb549e491c8104fea7313f3563c7b048e01287db0a90485734a70a730", size = 278724, upload-time = "2025-09-19T00:37:10.023Z" },
    { url = "https://files.pythonhosted.org/packages/3d/70/177d31e8089a278a764f8ec9a3faac8d14a312d622a47385d4b43905806f/regex-2025.9.18-cp313-cp313t-win_arm64.whl", hash = "sha256:dbef80defe9fb21310948a2595420b36c6d641d9bea4c991175829b2cc4bc06a", size = 269771, upload-time = "2025-09-19T00:37:13.041Z" },
    { url = "https://files.pythonhosted.org/packages/44/b7/3b4663aa3b4af16819f2ab6a78c4111c7e9b066725d8107753c2257448a5/regex-2025.9.18-cp314-cp314-macosx_10_13_universal2.whl", hash = "sha256:c6db75b51acf277997f3adcd0ad89045d856190d13359f15ab5dda21581d9129", size = 486130, upload-time = "2025-09-19T00:37:14.527Z" },
    { url = "https://files.pythonhosted.org/packages/80/5b/4533f5d7ac9c6a02a4725fe8883de2aebc713e67e842c04cf02626afb747/regex-2025.9.18-cp314-cp314-macosx_10_13_x86_64.whl", hash = "sha256:8f9698b6f6895d6db810e0bda5364f9ceb9e5b11328700a90cae573574f61eea", size = 289539, upload-time = "2025-09-19T00:37:16.356Z" },
    { url = "https://files.pythonhosted.org/packages/b8/8d/5ab6797c2750985f79e9995fad3254caa4520846580f266ae3b56d1cae58/regex-2025.9.18-cp314-cp314-macosx_11_0_arm64.whl", hash = "sha256:29cd86aa7cb13a37d0f0d7c21d8d949fe402ffa0ea697e635afedd97ab4b69f1", size = 287233, upload-time = "2025-09-19T00:37:18.025Z" },
    { url = "https://files.pythonhosted.org/packages/cb/1e/95afcb02ba8d3a64e6ffeb801718ce73471ad6440c55d993f65a4a5e7a92/regex-2025.9.18-cp314-cp314-manylinux2014_aarch64.manylinux_2_17_aarch64.manylinux_2_28_aarch64.whl", hash = "sha256:7c9f285a071ee55cd9583ba24dde006e53e17780bb309baa8e4289cd472bcc47", size = 797876, upload-time = "2025-09-19T00:37:19.609Z" },
    { url = "https://files.pythonhosted.org/packages/c8/fb/720b1f49cec1f3b5a9fea5b34cd22b88b5ebccc8c1b5de9cc6f65eed165a/regex-2025.9.18-cp314-cp314-manylinux2014_ppc64le.manylinux_2_17_ppc64le.manylinux_2_28_ppc64le.whl", hash = "sha256:5adf266f730431e3be9021d3e5b8d5ee65e563fec2883ea8093944d21863b379", size = 863385, upload-time = "2025-09-19T00:37:21.65Z" },
    { url = "https://files.pythonhosted.org/packages/a9/ca/e0d07ecf701e1616f015a720dc13b84c582024cbfbb3fc5394ae204adbd7/regex-2025.9.18-cp314-cp314-manylinux2014_s390x.manylinux_2_17_s390x.manylinux_2_28_s390x.whl", hash = "sha256:1137cabc0f38807de79e28d3f6e3e3f2cc8cfb26bead754d02e6d1de5f679203", size = 910220, upload-time = "2025-09-19T00:37:23.723Z" },
    { url = "https://files.pythonhosted.org/packages/b6/45/bba86413b910b708eca705a5af62163d5d396d5f647ed9485580c7025209/regex-2025.9.18-cp314-cp314-manylinux2014_x86_64.manylinux_2_17_x86_64.manylinux_2_28_x86_64.whl", hash = "sha256:7cc9e5525cada99699ca9223cce2d52e88c52a3d2a0e842bd53de5497c604164", size = 801827, upload-time = "2025-09-19T00:37:25.684Z" },
    { url = "https://files.pythonhosted.org/packages/b8/a6/740fbd9fcac31a1305a8eed30b44bf0f7f1e042342be0a4722c0365ecfca/regex-2025.9.18-cp314-cp314-musllinux_1_2_aarch64.whl", hash = "sha256:bbb9246568f72dce29bcd433517c2be22c7791784b223a810225af3b50d1aafb", size = 786843, upload-time = "2025-09-19T00:37:27.62Z" },
    { url = "https://files.pythonhosted.org/packages/80/a7/0579e8560682645906da640c9055506465d809cb0f5415d9976f417209a6/regex-2025.9.18-cp314-cp314-musllinux_1_2_ppc64le.whl", hash = "sha256:6a52219a93dd3d92c675383efff6ae18c982e2d7651c792b1e6d121055808743", size = 857430, upload-time = "2025-09-19T00:37:29.362Z" },
    { url = "https://files.pythonhosted.org/packages/8d/9b/4dc96b6c17b38900cc9fee254fc9271d0dde044e82c78c0811b58754fde5/regex-2025.9.18-cp314-cp314-musllinux_1_2_s390x.whl", hash = "sha256:ae9b3840c5bd456780e3ddf2f737ab55a79b790f6409182012718a35c6d43282", size = 848612, upload-time = "2025-09-19T00:37:31.42Z" },
    { url = "https://files.pythonhosted.org/packages/b3/6a/6f659f99bebb1775e5ac81a3fb837b85897c1a4ef5acffd0ff8ffe7e67fb/regex-2025.9.18-cp314-cp314-musllinux_1_2_x86_64.whl", hash = "sha256:d488c236ac497c46a5ac2005a952c1a0e22a07be9f10c3e735bc7d1209a34773", size = 787967, upload-time = "2025-09-19T00:37:34.019Z" },
    { url = "https://files.pythonhosted.org/packages/61/35/9e35665f097c07cf384a6b90a1ac11b0b1693084a0b7a675b06f760496c6/regex-2025.9.18-cp314-cp314-win32.whl", hash = "sha256:0c3506682ea19beefe627a38872d8da65cc01ffa25ed3f2e422dffa1474f0788", size = 269847, upload-time = "2025-09-19T00:37:35.759Z" },
    { url = "https://files.pythonhosted.org/packages/af/64/27594dbe0f1590b82de2821ebfe9a359b44dcb9b65524876cd12fabc447b/regex-2025.9.18-cp314-cp314-win_amd64.whl", hash = "sha256:57929d0f92bebb2d1a83af372cd0ffba2263f13f376e19b1e4fa32aec4efddc3", size = 278755, upload-time = "2025-09-19T00:37:37.367Z" },
    { url = "https://files.pythonhosted.org/packages/30/a3/0cd8d0d342886bd7d7f252d701b20ae1a3c72dc7f34ef4b2d17790280a09/regex-2025.9.18-cp314-cp314-win_arm64.whl", hash = "sha256:6a4b44df31d34fa51aa5c995d3aa3c999cec4d69b9bd414a8be51984d859f06d", size = 271873, upload-time = "2025-09-19T00:37:39.125Z" },
    { url = "https://files.pythonhosted.org/packages/99/cb/8a1ab05ecf404e18b54348e293d9b7a60ec2bd7aa59e637020c5eea852e8/regex-2025.9.18-cp314-cp314t-macosx_10_13_universal2.whl", hash = "sha256:b176326bcd544b5e9b17d6943f807697c0cb7351f6cfb45bf5637c95ff7e6306", size = 489773, upload-time = "2025-09-19T00:37:40.968Z" },
    { url = "https://files.pythonhosted.org/packages/93/3b/6543c9b7f7e734d2404fa2863d0d710c907bef99d4598760ed4563d634c3/regex-2025.9.18-cp314-cp314t-macosx_10_13_x86_64.whl", hash = "sha256:0ffd9e230b826b15b369391bec167baed57c7ce39efc35835448618860995946", size = 291221, upload-time = "2025-09-19T00:37:42.901Z" },
    { url = "https://files.pythonhosted.org/packages/cd/91/e9fdee6ad6bf708d98c5d17fded423dcb0661795a49cba1b4ffb8358377a/regex-2025.9.18-cp314-cp314t-macosx_11_0_arm64.whl", hash = "sha256:ec46332c41add73f2b57e2f5b642f991f6b15e50e9f86285e08ffe3a512ac39f", size = 289268, upload-time = "2025-09-19T00:37:44.823Z" },
    { url = "https://files.pythonhosted.org/packages/94/a6/bc3e8a918abe4741dadeaeb6c508e3a4ea847ff36030d820d89858f96a6c/regex-2025.9.18-cp314-cp314t-manylinux2014_aarch64.manylinux_2_17_aarch64.manylinux_2_28_aarch64.whl", hash = "sha256:b80fa342ed1ea095168a3f116637bd1030d39c9ff38dc04e54ef7c521e01fc95", size = 806659, upload-time = "2025-09-19T00:37:46.684Z" },
    { url = "https://files.pythonhosted.org/packages/2b/71/ea62dbeb55d9e6905c7b5a49f75615ea1373afcad95830047e4e310db979/regex-2025.9.18-cp314-cp314t-manylinux2014_ppc64le.manylinux_2_17_ppc64le.manylinux_2_28_ppc64le.whl", hash = "sha256:f4d97071c0ba40f0cf2a93ed76e660654c399a0a04ab7d85472239460f3da84b", size = 871701, upload-time = "2025-09-19T00:37:48.882Z" },
    { url = "https://files.pythonhosted.org/packages/6a/90/fbe9dedb7dad24a3a4399c0bae64bfa932ec8922a0a9acf7bc88db30b161/regex-2025.9.18-cp314-cp314t-manylinux2014_s390x.manylinux_2_17_s390x.manylinux_2_28_s390x.whl", hash = "sha256:0ac936537ad87cef9e0e66c5144484206c1354224ee811ab1519a32373e411f3", size = 913742, upload-time = "2025-09-19T00:37:51.015Z" },
    { url = "https://files.pythonhosted.org/packages/f0/1c/47e4a8c0e73d41eb9eb9fdeba3b1b810110a5139a2526e82fd29c2d9f867/regex-2025.9.18-cp314-cp314t-manylinux2014_x86_64.manylinux_2_17_x86_64.manylinux_2_28_x86_64.whl", hash = "sha256:dec57f96d4def58c422d212d414efe28218d58537b5445cf0c33afb1b4768571", size = 811117, upload-time = "2025-09-19T00:37:52.686Z" },
    { url = "https://files.pythonhosted.org/packages/2a/da/435f29fddfd015111523671e36d30af3342e8136a889159b05c1d9110480/regex-2025.9.18-cp314-cp314t-musllinux_1_2_aarch64.whl", hash = "sha256:48317233294648bf7cd068857f248e3a57222259a5304d32c7552e2284a1b2ad", size = 794647, upload-time = "2025-09-19T00:37:54.626Z" },
    { url = "https://files.pythonhosted.org/packages/23/66/df5e6dcca25c8bc57ce404eebc7342310a0d218db739d7882c9a2b5974a3/regex-2025.9.18-cp314-cp314t-musllinux_1_2_ppc64le.whl", hash = "sha256:274687e62ea3cf54846a9b25fc48a04459de50af30a7bd0b61a9e38015983494", size = 866747, upload-time = "2025-09-19T00:37:56.367Z" },
    { url = "https://files.pythonhosted.org/packages/82/42/94392b39b531f2e469b2daa40acf454863733b674481fda17462a5ffadac/regex-2025.9.18-cp314-cp314t-musllinux_1_2_s390x.whl", hash = "sha256:a78722c86a3e7e6aadf9579e3b0ad78d955f2d1f1a8ca4f67d7ca258e8719d4b", size = 853434, upload-time = "2025-09-19T00:37:58.39Z" },
    { url = "https://files.pythonhosted.org/packages/a8/f8/dcc64c7f7bbe58842a8f89622b50c58c3598fbbf4aad0a488d6df2c699f1/regex-2025.9.18-cp314-cp314t-musllinux_1_2_x86_64.whl", hash = "sha256:06104cd203cdef3ade989a1c45b6215bf42f8b9dd705ecc220c173233f7cba41", size = 798024, upload-time = "2025-09-19T00:38:00.397Z" },
    { url = "https://files.pythonhosted.org/packages/20/8d/edf1c5d5aa98f99a692313db813ec487732946784f8f93145e0153d910e5/regex-2025.9.18-cp314-cp314t-win32.whl", hash = "sha256:2e1eddc06eeaffd249c0adb6fafc19e2118e6308c60df9db27919e96b5656096", size = 273029, upload-time = "2025-09-19T00:38:02.383Z" },
    { url = "https://files.pythonhosted.org/packages/a7/24/02d4e4f88466f17b145f7ea2b2c11af3a942db6222429c2c146accf16054/regex-2025.9.18-cp314-cp314t-win_amd64.whl", hash = "sha256:8620d247fb8c0683ade51217b459cb4a1081c0405a3072235ba43a40d355c09a", size = 282680, upload-time = "2025-09-19T00:38:04.102Z" },
    { url = "https://files.pythonhosted.org/packages/1f/a3/c64894858aaaa454caa7cc47e2f225b04d3ed08ad649eacf58d45817fad2/regex-2025.9.18-cp314-cp314t-win_arm64.whl", hash = "sha256:b7531a8ef61de2c647cdf68b3229b071e46ec326b3138b2180acb4275f470b01", size = 273034, upload-time = "2025-09-19T00:38:05.807Z" },
]

[[package]]
name = "ruamel-yaml"
version = "0.18.15"
source = { registry = "https://pypi.org/simple" }
dependencies = [
    { name = "ruamel-yaml-clib", marker = "python_full_version < '3.14' and platform_python_implementation == 'CPython'" },
]
sdist = { url = "https://files.pythonhosted.org/packages/3e/db/f3950f5e5031b618aae9f423a39bf81a55c148aecd15a34527898e752cf4/ruamel.yaml-0.18.15.tar.gz", hash = "sha256:dbfca74b018c4c3fba0b9cc9ee33e53c371194a9000e694995e620490fd40700", size = 146865, upload-time = "2025-08-19T11:15:10.694Z" }
wheels = [
    { url = "https://files.pythonhosted.org/packages/d1/e5/f2a0621f1781b76a38194acae72f01e37b1941470407345b6e8653ad7640/ruamel.yaml-0.18.15-py3-none-any.whl", hash = "sha256:148f6488d698b7a5eded5ea793a025308b25eca97208181b6a026037f391f701", size = 119702, upload-time = "2025-08-19T11:15:07.696Z" },
]

[[package]]
name = "ruamel-yaml-clib"
version = "0.2.14"
source = { registry = "https://pypi.org/simple" }
sdist = { url = "https://files.pythonhosted.org/packages/d8/e9/39ec4d4b3f91188fad1842748f67d4e749c77c37e353c4e545052ee8e893/ruamel.yaml.clib-0.2.14.tar.gz", hash = "sha256:803f5044b13602d58ea378576dd75aa759f52116a0232608e8fdada4da33752e", size = 225394, upload-time = "2025-09-22T19:51:23.753Z" }
wheels = [
    { url = "https://files.pythonhosted.org/packages/b3/9f/3c51e9578b8c36fcc4bdd271a1a5bb65963a74a4b6ad1a989768a22f6c2a/ruamel.yaml.clib-0.2.14-cp311-cp311-macosx_10_9_universal2.whl", hash = "sha256:5bae1a073ca4244620425cd3d3aa9746bde590992b98ee8c7c8be8c597ca0d4e", size = 270207, upload-time = "2025-09-23T14:24:11.445Z" },
    { url = "https://files.pythonhosted.org/packages/4a/16/cb02815bc2ae9c66760c0c061d23c7358f9ba51dae95ac85247662b7fbe2/ruamel.yaml.clib-0.2.14-cp311-cp311-macosx_13_0_arm64.whl", hash = "sha256:0a54e5e40a7a691a426c2703b09b0d61a14294d25cfacc00631aa6f9c964df0d", size = 137780, upload-time = "2025-09-22T19:50:37.734Z" },
    { url = "https://files.pythonhosted.org/packages/31/c6/fc687cd1b93bff8e40861eea46d6dc1a6a778d9a085684e4045ff26a8e40/ruamel.yaml.clib-0.2.14-cp311-cp311-manylinux2014_aarch64.whl", hash = "sha256:10d9595b6a19778f3269399eff6bab642608e5966183abc2adbe558a42d4efc9", size = 641590, upload-time = "2025-09-22T19:50:41.978Z" },
    { url = "https://files.pythonhosted.org/packages/45/5d/65a2bc08b709b08576b3f307bf63951ee68a8e047cbbda6f1c9864ecf9a7/ruamel.yaml.clib-0.2.14-cp311-cp311-manylinux_2_17_x86_64.manylinux2014_x86_64.whl", hash = "sha256:dba72975485f2b87b786075e18a6e5d07dc2b4d8973beb2732b9b2816f1bad70", size = 738090, upload-time = "2025-09-22T19:50:39.152Z" },
    { url = "https://files.pythonhosted.org/packages/fb/d0/a70a03614d9a6788a3661ab1538879ed2aae4e84d861f101243116308a37/ruamel.yaml.clib-0.2.14-cp311-cp311-manylinux_2_5_i686.manylinux1_i686.manylinux_2_17_i686.manylinux2014_i686.whl", hash = "sha256:29757bdb7c142f9595cc1b62ec49a3d1c83fab9cef92db52b0ccebaad4eafb98", size = 700744, upload-time = "2025-09-22T19:50:40.811Z" },
    { url = "https://files.pythonhosted.org/packages/77/30/c93fa457611f79946d5cb6cc97493ca5425f3f21891d7b1f9b44eaa1b38e/ruamel.yaml.clib-0.2.14-cp311-cp311-musllinux_1_2_aarch64.whl", hash = "sha256:557df28dbccf79b152fe2d1b935f6063d9cc431199ea2b0e84892f35c03bb0ee", size = 742321, upload-time = "2025-09-23T18:42:48.916Z" },
    { url = "https://files.pythonhosted.org/packages/40/85/e2c54ad637117cd13244a4649946eaa00f32edcb882d1f92df90e079ab00/ruamel.yaml.clib-0.2.14-cp311-cp311-musllinux_1_2_i686.whl", hash = "sha256:26a8de280ab0d22b6e3ec745b4a5a07151a0f74aad92dd76ab9c8d8d7087720d", size = 743805, upload-time = "2025-09-22T19:50:43.58Z" },
    { url = "https://files.pythonhosted.org/packages/81/50/f899072c38877d8ef5382e0b3d47f8c4346226c1f52d6945d6f64fec6a2f/ruamel.yaml.clib-0.2.14-cp311-cp311-musllinux_1_2_x86_64.whl", hash = "sha256:e501c096aa3889133d674605ebd018471bc404a59cbc17da3c5924421c54d97c", size = 769529, upload-time = "2025-09-22T19:50:45.707Z" },
    { url = "https://files.pythonhosted.org/packages/99/7c/96d4b5075e30c65ea2064e40c2d657c7c235d7b6ef18751cf89a935b9041/ruamel.yaml.clib-0.2.14-cp311-cp311-win32.whl", hash = "sha256:915748cfc25b8cfd81b14d00f4bfdb2ab227a30d6d43459034533f4d1c207a2a", size = 100256, upload-time = "2025-09-22T19:50:48.26Z" },
    { url = "https://files.pythonhosted.org/packages/7d/8c/73ee2babd04e8bfcf1fd5c20aa553d18bf0ebc24b592b4f831d12ae46cc0/ruamel.yaml.clib-0.2.14-cp311-cp311-win_amd64.whl", hash = "sha256:4ccba93c1e5a40af45b2f08e4591969fa4697eae951c708f3f83dcbf9f6c6bb1", size = 118234, upload-time = "2025-09-22T19:50:47.019Z" },
    { url = "https://files.pythonhosted.org/packages/b4/42/ccfb34a25289afbbc42017e4d3d4288e61d35b2e00cfc6b92974a6a1f94b/ruamel.yaml.clib-0.2.14-cp312-cp312-macosx_10_13_universal2.whl", hash = "sha256:6aeadc170090ff1889f0d2c3057557f9cd71f975f17535c26a5d37af98f19c27", size = 271775, upload-time = "2025-09-23T14:24:12.771Z" },
    { url = "https://files.pythonhosted.org/packages/82/73/e628a92e80197ff6a79ab81ec3fa00d4cc082d58ab78d3337b7ba7043301/ruamel.yaml.clib-0.2.14-cp312-cp312-macosx_14_0_arm64.whl", hash = "sha256:5e56ac47260c0eed992789fa0b8efe43404a9adb608608631a948cee4fc2b052", size = 138842, upload-time = "2025-09-22T19:50:49.156Z" },
    { url = "https://files.pythonhosted.org/packages/2b/c5/346c7094344a60419764b4b1334d9e0285031c961176ff88ffb652405b0c/ruamel.yaml.clib-0.2.14-cp312-cp312-manylinux2014_aarch64.whl", hash = "sha256:a911aa73588d9a8b08d662b9484bc0567949529824a55d3885b77e8dd62a127a", size = 647404, upload-time = "2025-09-22T19:50:52.921Z" },
    { url = "https://files.pythonhosted.org/packages/df/99/65080c863eb06d4498de3d6c86f3e90595e02e159fd8529f1565f56cfe2c/ruamel.yaml.clib-0.2.14-cp312-cp312-manylinux_2_17_x86_64.manylinux2014_x86_64.whl", hash = "sha256:a05ba88adf3d7189a974b2de7a9d56731548d35dc0a822ec3dc669caa7019b29", size = 753141, upload-time = "2025-09-22T19:50:50.294Z" },
    { url = "https://files.pythonhosted.org/packages/3d/e3/0de85f3e3333f8e29e4b10244374a202a87665d1131798946ee22cf05c7c/ruamel.yaml.clib-0.2.14-cp312-cp312-manylinux_2_5_i686.manylinux1_i686.manylinux_2_17_i686.manylinux2014_i686.whl", hash = "sha256:fb04c5650de6668b853623eceadcdb1a9f2fee381f5d7b6bc842ee7c239eeec4", size = 703477, upload-time = "2025-09-22T19:50:51.508Z" },
    { url = "https://files.pythonhosted.org/packages/d9/25/0d2f09d8833c7fd77ab8efeff213093c16856479a9d293180a0d89f6bed9/ruamel.yaml.clib-0.2.14-cp312-cp312-musllinux_1_2_aarch64.whl", hash = "sha256:df3ec9959241d07bc261f4983d25a1205ff37703faf42b474f15d54d88b4f8c9", size = 741157, upload-time = "2025-09-23T18:42:50.408Z" },
    { url = "https://files.pythonhosted.org/packages/d3/8c/959f10c2e2153cbdab834c46e6954b6dd9e3b109c8f8c0a3cf1618310985/ruamel.yaml.clib-0.2.14-cp312-cp312-musllinux_1_2_i686.whl", hash = "sha256:fbc08c02e9b147a11dfcaa1ac8a83168b699863493e183f7c0c8b12850b7d259", size = 745859, upload-time = "2025-09-22T19:50:54.497Z" },
    { url = "https://files.pythonhosted.org/packages/ed/6b/e580a7c18b485e1a5f30a32cda96b20364b0ba649d9d2baaf72f8bd21f83/ruamel.yaml.clib-0.2.14-cp312-cp312-musllinux_1_2_x86_64.whl", hash = "sha256:c099cafc1834d3c5dac305865d04235f7c21c167c8dd31ebc3d6bbc357e2f023", size = 770200, upload-time = "2025-09-22T19:50:55.718Z" },
    { url = "https://files.pythonhosted.org/packages/ef/44/3455eebc761dc8e8fdced90f2b0a3fa61e32ba38b50de4130e2d57db0f21/ruamel.yaml.clib-0.2.14-cp312-cp312-win32.whl", hash = "sha256:b5b0f7e294700b615a3bcf6d28b26e6da94e8eba63b079f4ec92e9ba6c0d6b54", size = 98829, upload-time = "2025-09-22T19:50:58.895Z" },
    { url = "https://files.pythonhosted.org/packages/76/ab/5121f7f3b651db93de546f8c982c241397aad0a4765d793aca1dac5eadee/ruamel.yaml.clib-0.2.14-cp312-cp312-win_amd64.whl", hash = "sha256:a37f40a859b503304dd740686359fcf541d6fb3ff7fc10f539af7f7150917c68", size = 115570, upload-time = "2025-09-22T19:50:57.981Z" },
    { url = "https://files.pythonhosted.org/packages/d7/ae/e3811f05415594025e96000349d3400978adaed88d8f98d494352d9761ee/ruamel.yaml.clib-0.2.14-cp313-cp313-macosx_10_13_universal2.whl", hash = "sha256:7e4f9da7e7549946e02a6122dcad00b7c1168513acb1f8a726b1aaf504a99d32", size = 269205, upload-time = "2025-09-23T14:24:15.06Z" },
    { url = "https://files.pythonhosted.org/packages/72/06/7d51f4688d6d72bb72fa74254e1593c4f5ebd0036be5b41fe39315b275e9/ruamel.yaml.clib-0.2.14-cp313-cp313-macosx_15_0_arm64.whl", hash = "sha256:dd7546c851e59c06197a7c651335755e74aa383a835878ca86d2c650c07a2f85", size = 137417, upload-time = "2025-09-22T19:50:59.82Z" },
    { url = "https://files.pythonhosted.org/packages/5a/08/b4499234a420ef42960eeb05585df5cc7eb25ccb8c980490b079e6367050/ruamel.yaml.clib-0.2.14-cp313-cp313-manylinux2014_aarch64.whl", hash = "sha256:1c1acc3a0209ea9042cc3cfc0790edd2eddd431a2ec3f8283d081e4d5018571e", size = 642558, upload-time = "2025-09-22T19:51:03.388Z" },
    { url = "https://files.pythonhosted.org/packages/b6/ba/1975a27dedf1c4c33306ee67c948121be8710b19387aada29e2f139c43ee/ruamel.yaml.clib-0.2.14-cp313-cp313-manylinux_2_17_x86_64.manylinux2014_x86_64.whl", hash = "sha256:2070bf0ad1540d5c77a664de07ebcc45eebd1ddcab71a7a06f26936920692beb", size = 744087, upload-time = "2025-09-22T19:51:00.897Z" },
    { url = "https://files.pythonhosted.org/packages/20/15/8a19a13d27f3bd09fa18813add8380a29115a47b553845f08802959acbce/ruamel.yaml.clib-0.2.14-cp313-cp313-manylinux_2_5_i686.manylinux1_i686.manylinux_2_17_i686.manylinux2014_i686.whl", hash = "sha256:9bd8fe07f49c170e09d76773fb86ad9135e0beee44f36e1576a201b0676d3d1d", size = 699709, upload-time = "2025-09-22T19:51:02.075Z" },
    { url = "https://files.pythonhosted.org/packages/19/ee/8d6146a079ad21e534b5083c9ee4a4c8bec42f79cf87594b60978286b39a/ruamel.yaml.clib-0.2.14-cp313-cp313-musllinux_1_2_aarch64.whl", hash = "sha256:ff86876889ea478b1381089e55cf9e345707b312beda4986f823e1d95e8c0f59", size = 708926, upload-time = "2025-09-23T18:42:51.707Z" },
    { url = "https://files.pythonhosted.org/packages/a9/f5/426b714abdc222392e68f3b8ad323930d05a214a27c7e7a0f06c69126401/ruamel.yaml.clib-0.2.14-cp313-cp313-musllinux_1_2_i686.whl", hash = "sha256:1f118b707eece8cf84ecbc3e3ec94d9db879d85ed608f95870d39b2d2efa5dca", size = 740202, upload-time = "2025-09-22T19:51:04.673Z" },
    { url = "https://files.pythonhosted.org/packages/3d/ac/3c5c2b27a183f4fda8a57c82211721c016bcb689a4a175865f7646db9f94/ruamel.yaml.clib-0.2.14-cp313-cp313-musllinux_1_2_x86_64.whl", hash = "sha256:b30110b29484adc597df6bd92a37b90e63a8c152ca8136aad100a02f8ba6d1b6", size = 765196, upload-time = "2025-09-22T19:51:05.916Z" },
    { url = "https://files.pythonhosted.org/packages/92/2e/06f56a71fd55021c993ed6e848c9b2e5e9cfce180a42179f0ddd28253f7c/ruamel.yaml.clib-0.2.14-cp313-cp313-win32.whl", hash = "sha256:f4e97a1cf0b7a30af9e1d9dad10a5671157b9acee790d9e26996391f49b965a2", size = 98635, upload-time = "2025-09-22T19:51:08.183Z" },
    { url = "https://files.pythonhosted.org/packages/51/79/76aba16a1689b50528224b182f71097ece338e7a4ab55e84c2e73443b78a/ruamel.yaml.clib-0.2.14-cp313-cp313-win_amd64.whl", hash = "sha256:090782b5fb9d98df96509eecdbcaffd037d47389a89492320280d52f91330d78", size = 115238, upload-time = "2025-09-22T19:51:07.081Z" },
    { url = "https://files.pythonhosted.org/packages/21/e2/a59ff65c26aaf21a24eb38df777cb9af5d87ba8fc8107c163c2da9d1e85e/ruamel.yaml.clib-0.2.14-cp314-cp314-macosx_10_15_universal2.whl", hash = "sha256:7df6f6e9d0e33c7b1d435defb185095386c469109de723d514142632a7b9d07f", size = 271441, upload-time = "2025-09-23T14:24:16.498Z" },
    { url = "https://files.pythonhosted.org/packages/6b/fa/3234f913fe9a6525a7b97c6dad1f51e72b917e6872e051a5e2ffd8b16fbb/ruamel.yaml.clib-0.2.14-cp314-cp314-macosx_15_0_arm64.whl", hash = "sha256:70eda7703b8126f5e52fcf276e6c0f40b0d314674f896fc58c47b0aef2b9ae83", size = 137970, upload-time = "2025-09-22T19:51:09.472Z" },
    { url = "https://files.pythonhosted.org/packages/ef/ec/4edbf17ac2c87fa0845dd366ef8d5852b96eb58fcd65fc1ecf5fe27b4641/ruamel.yaml.clib-0.2.14-cp314-cp314-musllinux_1_2_i686.whl", hash = "sha256:a0cb71ccc6ef9ce36eecb6272c81afdc2f565950cdcec33ae8e6cd8f7fc86f27", size = 739639, upload-time = "2025-09-22T19:51:10.566Z" },
    { url = "https://files.pythonhosted.org/packages/15/18/b0e1fafe59051de9e79cdd431863b03593ecfa8341c110affad7c8121efc/ruamel.yaml.clib-0.2.14-cp314-cp314-musllinux_1_2_x86_64.whl", hash = "sha256:e7cb9ad1d525d40f7d87b6df7c0ff916a66bc52cb61b66ac1b2a16d0c1b07640", size = 764456, upload-time = "2025-09-22T19:51:11.736Z" },
]

[[package]]
name = "sly"
version = "0.5"
source = { registry = "https://pypi.org/simple" }
sdist = { url = "https://files.pythonhosted.org/packages/41/8a/59e943f7b27904c7756a7b565ffbd55f3841f5cd3d2da2b2b0713c49e488/sly-0.5.tar.gz", hash = "sha256:251d42015e8507158aec2164f06035df4a82b0314ce6450f457d7125e7649024", size = 66702, upload-time = "2022-10-25T14:35:30.592Z" }
wheels = [
    { url = "https://files.pythonhosted.org/packages/8e/4d/c96d807295183f2360329cd8d8bf5e8072c53d664125b3858c04153f026e/sly-0.5-py3-none-any.whl", hash = "sha256:20485483259eec7f6ba85ff4d2e96a4e50c6621902667fc2695cc8bc2a3e5133", size = 28864, upload-time = "2022-10-25T14:35:28.054Z" },
]

[[package]]
name = "tomlkit"
version = "0.10.2"
source = { registry = "https://pypi.org/simple" }
sdist = { url = "https://files.pythonhosted.org/packages/8b/95/c8826c61bd59c0d991fb1ca3d187d7fa803af13c1704be932e1071e041da/tomlkit-0.10.2.tar.gz", hash = "sha256:30d54c0b914e595f3d10a87888599eab5321a2a69abc773bbefff51599b72db6", size = 184537, upload-time = "2022-04-24T03:39:28.915Z" }
wheels = [
    { url = "https://files.pythonhosted.org/packages/18/24/64456645db43e781a8bf441567072d55fa0f7aef3d035d916d4531f0442d/tomlkit-0.10.2-py3-none-any.whl", hash = "sha256:905cf92c2111ef80d355708f47ac24ad1b6fc2adc5107455940088c9bbecaedb", size = 34271, upload-time = "2022-04-24T03:39:27.487Z" },
]

[[package]]
name = "universal-startfile"
version = "0.2"
source = { registry = "https://pypi.org/simple" }
sdist = { url = "https://files.pythonhosted.org/packages/f2/70/e9217c4259a239307eb6cad53475e593b06c6af6c02f731225ae09764fbc/universal-startfile-0.2.tar.gz", hash = "sha256:1e970e782de10e726ebde2ae8887469d93a75eb67f81b82633979c11739a212a", size = 3712, upload-time = "2022-11-09T19:56:18.919Z" }
wheels = [
    { url = "https://files.pythonhosted.org/packages/60/ba/430be46d457322938297ba31b2e215e1d0aef8e9aa16dcd9da3df70bb8ab/universal_startfile-0.2-py3-none-any.whl", hash = "sha256:dc1de2c595f7897609fe319bd5da764043e637db8e32d572ec94fa3589f49df0", size = 3435, upload-time = "2022-11-09T19:56:20.257Z" },
]
